# This file is generated by running "yarn install" inside your project.
# Manual changes might be lost - proceed with caution!

__metadata:
  version: 6

"@aoc-2022/day1@workspace:packages/day1":
  version: 0.0.0-use.local
  resolution: "@aoc-2022/day1@workspace:packages/day1"
  languageName: unknown
  linkType: soft

"@aoc-2022/day2@workspace:packages/day2":
  version: 0.0.0-use.local
  resolution: "@aoc-2022/day2@workspace:packages/day2"
  languageName: unknown
  linkType: soft

"@aoc-2022/day3@workspace:packages/day3":
  version: 0.0.0-use.local
  resolution: "@aoc-2022/day3@workspace:packages/day3"
  languageName: unknown
  linkType: soft

"@aoc-2022/day4@workspace:packages/day4":
  version: 0.0.0-use.local
  resolution: "@aoc-2022/day4@workspace:packages/day4"
  languageName: unknown
  linkType: soft

"@aoc-2022/day5@workspace:packages/day5":
  version: 0.0.0-use.local
  resolution: "@aoc-2022/day5@workspace:packages/day5"
  languageName: unknown
  linkType: soft

"@aoc-2022/day6@workspace:packages/day6":
  version: 0.0.0-use.local
  resolution: "@aoc-2022/day6@workspace:packages/day6"
  languageName: unknown
  linkType: soft

"@aoc-2022/day7@workspace:packages/day7":
  version: 0.0.0-use.local
  resolution: "@aoc-2022/day7@workspace:packages/day7"
  languageName: unknown
  linkType: soft

"aoc-2022@workspace:.":
  version: 0.0.0-use.local
  resolution: "aoc-2022@workspace:."
  languageName: unknown
  linkType: soft
